
Microsoft Visual Studio Solution File, Format Version 12.00
# Visual Studio Version 16
VisualStudioVersion = 16.0.30503.244
MinimumVisualStudioVersion = 10.0.40219.1
Project("{F2A71F9B-5D33-465A-A702-920D77279786}") = "FuncProg", "FuncProg\FuncProg.fsproj", "{8B9D7C66-D711-435A-B432-B4732E2A956F}"
EndProject
Global
	GlobalSection(SolutionConfigurationPlatforms) = preSolution
		Debug|Any CPU = Debug|Any CPU
		Release|Any CPU = Release|Any CPU
	EndGlobalSection
	GlobalSection(ProjectConfigurationPlatforms) = postSolution
		{8B9D7C66-D711-435A-B432-B4732E2A956F}.Debug|Any CPU.ActiveCfg = Debug|Any CPU
		{8B9D7C66-D711-435A-B432-B4732E2A956F}.Debug|Any CPU.Build.0 = Debug|Any CPU
		{8B9D7C66-D711-435A-B432-B4732E2A956F}.Release|Any CPU.ActiveCfg = Release|Any CPU
		{8B9D7C66-D711-435A-B432-B4732E2A956F}.Release|Any CPU.Build.0 = Release|Any CPU
	EndGlobalSection
	GlobalSection(SolutionProperties) = preSolution
		HideSolutionNode = FALSE
	EndGlobalSection
	GlobalSection(ExtensibilityGlobals) = postSolution
		SolutionGuid = {0103945C-261D-4192-AAA2-EDC26FD8FDAF}
	EndGlobalSection
EndGlobal
